Microsoft Visual Studio Solution File, Format Version 12.00
# Visual Studio Version 17
VisualStudioVersion = 17.13.35605.110
MinimumVisualStudioVersion = 10.0.40219.1
Project("{FAE04EC0-301F-11D3-BF4B-00C04F79EFBC}") = "CrystallineJunimoChests", "CrystallineJunimoChests\CrystallineJunimoChests.csproj", "{17D2E967-8160-4157-91E6-5082FAD79533}"
EndProject
Project("{2150E333-8FDC-42A3-9474-1A3956D46DE8}") = "Solution Items", "Solution Items", "{02EA681E-C7D8-13C7-8484-4AC65E1B71E8}"
	ProjectSection(SolutionItems) = preProject
		CHANGELOG.md = CHANGELOG.md
		LICENSE.txt = LICENSE.txt
		README.md = README.md
	EndProjectSection
EndProject
Project("{D954291E-2A0B-460D-934E-DC6B0785DB48}") = ".Common", "FauxCore\FauxCommon\.Common.shproj", "{966B9495-8681-44DA-9F8E-0838E5EB1A42}"
EndProject
Global
	GlobalSection(SolutionConfigurationPlatforms) = preSolution
		Debug|Any CPU = Debug|Any CPU
		Release|Any CPU = Release|Any CPU
	EndGlobalSection
	GlobalSection(ProjectConfigurationPlatforms) = postSolution
		{17D2E967-8160-4157-91E6-5082FAD79533}.Debug|Any CPU.ActiveCfg = Debug|Any CPU
		{17D2E967-8160-4157-91E6-5082FAD79533}.Debug|Any CPU.Build.0 = Debug|Any CPU
		{17D2E967-8160-4157-91E6-5082FAD79533}.Release|Any CPU.ActiveCfg = Release|Any CPU
		{17D2E967-8160-4157-91E6-5082FAD79533}.Release|Any CPU.Build.0 = Release|Any CPU
	EndGlobalSection
	GlobalSection(SolutionProperties) = preSolution
		HideSolutionNode = FALSE
	EndGlobalSection
	GlobalSection(ExtensibilityGlobals) = postSolution
		SolutionGuid = {0E95611F-3E9E-4EEC-983A-2FD246744806}
	EndGlobalSection
	GlobalSection(SharedMSBuildProjectFiles) = preSolution
		FauxCore\FauxCommon\FauxCommon.projitems*{17d2e967-8160-4157-91e6-5082fad79533}*SharedItemsImports = 5
		FauxCore\FauxCommon\FauxCommon.projitems*{966b9495-8681-44da-9f8e-0838e5eb1a42}*SharedItemsImports = 13
	EndGlobalSection
EndGlobal
